// !$*UTF8*$!
{
	archiveVersion = 1;
	classes = {
	};
	objectVersion = 56;
	objects = {

/* Begin PBXBuildFile section */
		661035C6295CC7CD0065A3D1 /* CIML_Model.swift in Sources */ = {isa = PBXBuildFile; fileRef = 661035C5295CC7CD0065A3D1 /* CIML_Model.swift */; };
		661F807F294CE17600192F15 /* Projector.swift in Sources */ = {isa = PBXBuildFile; fileRef = 661F807E294CE17600192F15 /* Projector.swift */; };
		66278B7B29805C1800BEC040 /* LandingPage.swift in Sources */ = {isa = PBXBuildFile; fileRef = 66278B7A29805C1800BEC040 /* LandingPage.swift */; };
		6634A9B5294CCD4400650A0E /* ContractInterface.swift in Sources */ = {isa = PBXBuildFile; fileRef = 6634A9B4294CCD4300650A0E /* ContractInterface.swift */; };
		665A55DD2950C66B003D85FC /* BuildTools.swift in Sources */ = {isa = PBXBuildFile; fileRef = 665A55DC2950C66B003D85FC /* BuildTools.swift */; };
		6672CE27295D3BC400A1EAE4 /* Wallets.swift in Sources */ = {isa = PBXBuildFile; fileRef = 6672CE26295D3BC400A1EAE4 /* Wallets.swift */; };
		6672CE2C295E2A1100A1EAE4 /* BuildView.swift in Sources */ = {isa = PBXBuildFile; fileRef = 6672CE2B295E2A1100A1EAE4 /* BuildView.swift */; };
		6672CE2E295E2B3800A1EAE4 /* DAppletSettings.swift in Sources */ = {isa = PBXBuildFile; fileRef = 6672CE2D295E2B3800A1EAE4 /* DAppletSettings.swift */; };
		66A6CE652964A5A5004FD7E2 /* CIMLDocuments.xcdatamodeld in Sources */ = {isa = PBXBuildFile; fileRef = 66A6CE632964A5A5004FD7E2 /* CIMLDocuments.xcdatamodeld */; };
		66A76B4E296E4271000342A8 /* web3swift in Frameworks */ = {isa = PBXBuildFile; productRef = 66A76B4D296E4271000342A8 /* web3swift */; };
		66D8A5532935A42A00D27FA8 /* ContractInterfaceApp.swift in Sources */ = {isa = PBXBuildFile; fileRef = 66D8A5522935A42A00D27FA8 /* ContractInterfaceApp.swift */; };
		66D8A5552935A42A00D27FA8 /* Persistence.swift in Sources */ = {isa = PBXBuildFile; fileRef = 66D8A5542935A42A00D27FA8 /* Persistence.swift */; };
		66D8A5582935A42A00D27FA8 /* ContractInterface.xcdatamodeld in Sources */ = {isa = PBXBuildFile; fileRef = 66D8A5562935A42A00D27FA8 /* ContractInterface.xcdatamodeld */; };
		66D8A55A2935A42A00D27FA8 /* ContentView.swift in Sources */ = {isa = PBXBuildFile; fileRef = 66D8A5592935A42A00D27FA8 /* ContentView.swift */; };
		66D8A55C2935A42B00D27FA8 /* Assets.xcassets in Resources */ = {isa = PBXBuildFile; fileRef = 66D8A55B2935A42B00D27FA8 /* Assets.xcassets */; };
		66D8A5602935A42B00D27FA8 /* Preview Assets.xcassets in Resources */ = {isa = PBXBuildFile; fileRef = 66D8A55F2935A42B00D27FA8 /* Preview Assets.xcassets */; };
		66D8A56A2935A42C00D27FA8 /* ContractInterfaceTests.swift in Sources */ = {isa = PBXBuildFile; fileRef = 66D8A5692935A42C00D27FA8 /* ContractInterfaceTests.swift */; };
		66D8A5742935A42C00D27FA8 /* ContractInterfaceUITests.swift in Sources */ = {isa = PBXBuildFile; fileRef = 66D8A5732935A42C00D27FA8 /* ContractInterfaceUITests.swift */; };
		66D8A5762935A42C00D27FA8 /* ContractInterfaceUITestsLaunchTests.swift in Sources */ = {isa = PBXBuildFile; fileRef = 66D8A5752935A42C00D27FA8 /* ContractInterfaceUITestsLaunchTests.swift */; };
		66DA3F7129898A4D006B46D7 /* DeveloperPreview.swift in Sources */ = {isa = PBXBuildFile; fileRef = 66DA3F7029898A4D006B46D7 /* DeveloperPreview.swift */; };
		CA120B3372EFEB8B1DBB3997 /* Pods_ContractInterface.framework in Frameworks */ = {isa = PBXBuildFile; fileRef = CAAF49AD8F1C18C9D22B79A7 /* Pods_ContractInterface.framework */; };
/* End PBXBuildFile section */

/* Begin PBXContainerItemProxy section */
		66D8A5662935A42C00D27FA8 /* PBXContainerItemProxy */ = {
			isa = PBXContainerItemProxy;
			containerPortal = 66D8A5472935A42A00D27FA8 /* Project object */;
			proxyType = 1;
			remoteGlobalIDString = 66D8A54E2935A42A00D27FA8;
			remoteInfo = ContractInterface;
		};
		66D8A5702935A42C00D27FA8 /* PBXContainerItemProxy */ = {
			isa = PBXContainerItemProxy;
			containerPortal = 66D8A5472935A42A00D27FA8 /* Project object */;
			proxyType = 1;
			remoteGlobalIDString = 66D8A54E2935A42A00D27FA8;
			remoteInfo = ContractInterface;
		};
/* End PBXContainerItemProxy section */

/* Begin PBXFileReference section */
		1493DB370BB5FA83E0D9C27B /* Pods-ContractInterface.debug.xcconfig */ = {isa = PBXFileReference; includeInIndex = 1; lastKnownFileType = text.xcconfig; name = "Pods-ContractInterface.debug.xcconfig"; path = "Target Support Files/Pods-ContractInterface/Pods-ContractInterface.debug.xcconfig"; sourceTree = "<group>"; };
		661035C5295CC7CD0065A3D1 /* CIML_Model.swift */ = {isa = PBXFileReference; lastKnownFileType = sourcecode.swift; path = CIML_Model.swift; sourceTree = "<group>"; };
		661F807E294CE17600192F15 /* Projector.swift */ = {isa = PBXFileReference; lastKnownFileType = sourcecode.swift; path = Projector.swift; sourceTree = "<group>"; };
		66278B7A29805C1800BEC040 /* LandingPage.swift */ = {isa = PBXFileReference; lastKnownFileType = sourcecode.swift; path = LandingPage.swift; sourceTree = "<group>"; };
		6634A9B4294CCD4300650A0E /* ContractInterface.swift */ = {isa = PBXFileReference; lastKnownFileType = sourcecode.swift; path = ContractInterface.swift; sourceTree = "<group>"; };
		665A55DC2950C66B003D85FC /* BuildTools.swift */ = {isa = PBXFileReference; lastKnownFileType = sourcecode.swift; path = BuildTools.swift; sourceTree = "<group>"; };
		6672CE26295D3BC400A1EAE4 /* Wallets.swift */ = {isa = PBXFileReference; lastKnownFileType = sourcecode.swift; path = Wallets.swift; sourceTree = "<group>"; };
		6672CE2B295E2A1100A1EAE4 /* BuildView.swift */ = {isa = PBXFileReference; lastKnownFileType = sourcecode.swift; path = BuildView.swift; sourceTree = "<group>"; };
		6672CE2D295E2B3800A1EAE4 /* DAppletSettings.swift */ = {isa = PBXFileReference; lastKnownFileType = sourcecode.swift; path = DAppletSettings.swift; sourceTree = "<group>"; };
		66A6CE642964A5A5004FD7E2 /* CIMLDocuments.xcdatamodel */ = {isa = PBXFileReference; lastKnownFileType = wrapper.xcdatamodel; path = CIMLDocuments.xcdatamodel; sourceTree = "<group>"; };
		66D8A54F2935A42A00D27FA8 /* ContractInterface.app */ = {isa = PBXFileReference; explicitFileType = wrapper.application; includeInIndex = 0; path = ContractInterface.app; sourceTree = BUILT_PRODUCTS_DIR; };
		66D8A5522935A42A00D27FA8 /* ContractInterfaceApp.swift */ = {isa = PBXFileReference; lastKnownFileType = sourcecode.swift; path = ContractInterfaceApp.swift; sourceTree = "<group>"; };
		66D8A5542935A42A00D27FA8 /* Persistence.swift */ = {isa = PBXFileReference; lastKnownFileType = sourcecode.swift; path = Persistence.swift; sourceTree = "<group>"; };
		66D8A5572935A42A00D27FA8 /* ContractInterface.xcdatamodel */ = {isa = PBXFileReference; lastKnownFileType = wrapper.xcdatamodel; path = ContractInterface.xcdatamodel; sourceTree = "<group>"; };
		66D8A5592935A42A00D27FA8 /* ContentView.swift */ = {isa = PBXFileReference; lastKnownFileType = sourcecode.swift; path = ContentView.swift; sourceTree = "<group>"; };
		66D8A55B2935A42B00D27FA8 /* Assets.xcassets */ = {isa = PBXFileReference; lastKnownFileType = folder.assetcatalog; path = Assets.xcassets; sourceTree = "<group>"; };
		66D8A55D2935A42B00D27FA8 /* ContractInterface.entitlements */ = {isa = PBXFileReference; lastKnownFileType = text.plist.entitlements; path = ContractInterface.entitlements; sourceTree = "<group>"; };
		66D8A55F2935A42B00D27FA8 /* Preview Assets.xcassets */ = {isa = PBXFileReference; lastKnownFileType = folder.assetcatalog; path = "Preview Assets.xcassets"; sourceTree = "<group>"; };
		66D8A5652935A42C00D27FA8 /* ContractInterfaceTests.xctest */ = {isa = PBXFileReference; explicitFileType = wrapper.cfbundle; includeInIndex = 0; path = ContractInterfaceTests.xctest; sourceTree = BUILT_PRODUCTS_DIR; };
		66D8A5692935A42C00D27FA8 /* ContractInterfaceTests.swift */ = {isa = PBXFileReference; lastKnownFileType = sourcecode.swift; path = ContractInterfaceTests.swift; sourceTree = "<group>"; };
		66D8A56F2935A42C00D27FA8 /* ContractInterfaceUITests.xctest */ = {isa = PBXFileReference; explicitFileType = wrapper.cfbundle; includeInIndex = 0; path = ContractInterfaceUITests.xctest; sourceTree = BUILT_PRODUCTS_DIR; };
		66D8A5732935A42C00D27FA8 /* ContractInterfaceUITests.swift */ = {isa = PBXFileReference; lastKnownFileType = sourcecode.swift; path = ContractInterfaceUITests.swift; sourceTree = "<group>"; };
		66D8A5752935A42C00D27FA8 /* ContractInterfaceUITestsLaunchTests.swift */ = {isa = PBXFileReference; lastKnownFileType = sourcecode.swift; path = ContractInterfaceUITestsLaunchTests.swift; sourceTree = "<group>"; };
		66DA3F7029898A4D006B46D7 /* DeveloperPreview.swift */ = {isa = PBXFileReference; lastKnownFileType = sourcecode.swift; path = DeveloperPreview.swift; sourceTree = "<group>"; };
		CAAF49AD8F1C18C9D22B79A7 /* Pods_ContractInterface.framework */ = {isa = PBXFileReference; explicitFileType = wrapper.framework; includeInIndex = 0; path = Pods_ContractInterface.framework; sourceTree = BUILT_PRODUCTS_DIR; };
		DAF48C0334835E3B1E39AC6C /* Pods-ContractInterface.release.xcconfig */ = {isa = PBXFileReference; includeInIndex = 1; lastKnownFileType = text.xcconfig; name = "Pods-ContractInterface.release.xcconfig"; path = "Target Support Files/Pods-ContractInterface/Pods-ContractInterface.release.xcconfig"; sourceTree = "<group>"; };
/* End PBXFileReference section */

/* Begin PBXFrameworksBuildPhase section */
		66D8A54C2935A42A00D27FA8 /* Frameworks */ = {
			isa = PBXFrameworksBuildPhase;
			buildActionMask = 2147483647;
			files = (
				CA120B3372EFEB8B1DBB3997 /* Pods_ContractInterface.framework in Frameworks */,
				66A76B4E296E4271000342A8 /* web3swift in Frameworks */,
			);
			runOnlyForDeploymentPostprocessing = 0;
		};
		66D8A5622935A42C00D27FA8 /* Frameworks */ = {
			isa = PBXFrameworksBuildPhase;
			buildActionMask = 2147483647;
			files = (
			);
			runOnlyForDeploymentPostprocessing = 0;
		};
		66D8A56C2935A42C00D27FA8 /* Frameworks */ = {
			isa = PBXFrameworksBuildPhase;
			buildActionMask = 2147483647;
			files = (
			);
			runOnlyForDeploymentPostprocessing = 0;
		};
/* End PBXFrameworksBuildPhase section */

/* Begin PBXGroup section */
		4F0FEECEADD46BAAEBDEFB02 /* Pods */ = {
			isa = PBXGroup;
			children = (
				1493DB370BB5FA83E0D9C27B /* Pods-ContractInterface.debug.xcconfig */,
				DAF48C0334835E3B1E39AC6C /* Pods-ContractInterface.release.xcconfig */,
			);
			path = Pods;
			sourceTree = "<group>";
		};
		6672CE28295E26C900A1EAE4 /* Compiler */ = {
			isa = PBXGroup;
			children = (
				6634A9B4294CCD4300650A0E /* ContractInterface.swift */,
				661035C5295CC7CD0065A3D1 /* CIML_Model.swift */,
				6672CE26295D3BC400A1EAE4 /* Wallets.swift */,
				661F807E294CE17600192F15 /* Projector.swift */,
				6672CE2D295E2B3800A1EAE4 /* DAppletSettings.swift */,
				66278B7A29805C1800BEC040 /* LandingPage.swift */,
			);
			path = Compiler;
			sourceTree = "<group>";
		};
		6672CE29295E26EE00A1EAE4 /* Builder */ = {
			isa = PBXGroup;
			children = (
				665A55DC2950C66B003D85FC /* BuildTools.swift */,
				6672CE2B295E2A1100A1EAE4 /* BuildView.swift */,
			);
			path = Builder;
			sourceTree = "<group>";
		};
		6672CE2A295E273200A1EAE4 /* Config */ = {
			isa = PBXGroup;
			children = (
				66A6CE632964A5A5004FD7E2 /* CIMLDocuments.xcdatamodeld */,
				66D8A5592935A42A00D27FA8 /* ContentView.swift */,
				66D8A5522935A42A00D27FA8 /* ContractInterfaceApp.swift */,
				66D8A5542935A42A00D27FA8 /* Persistence.swift */,
			);
			path = Config;
			sourceTree = "<group>";
		};
		66D8A5462935A42A00D27FA8 = {
			isa = PBXGroup;
			children = (
				66D8A5512935A42A00D27FA8 /* ContractInterface */,
				66D8A5682935A42C00D27FA8 /* ContractInterfaceTests */,
				66D8A5722935A42C00D27FA8 /* ContractInterfaceUITests */,
				66D8A5502935A42A00D27FA8 /* Products */,
				4F0FEECEADD46BAAEBDEFB02 /* Pods */,
				F7191EBEB68F3837E3165F47 /* Frameworks */,
			);
			sourceTree = "<group>";
		};
		66D8A5502935A42A00D27FA8 /* Products */ = {
			isa = PBXGroup;
			children = (
				66D8A54F2935A42A00D27FA8 /* ContractInterface.app */,
				66D8A5652935A42C00D27FA8 /* ContractInterfaceTests.xctest */,
				66D8A56F2935A42C00D27FA8 /* ContractInterfaceUITests.xctest */,
			);
			name = Products;
			sourceTree = "<group>";
		};
		66D8A5512935A42A00D27FA8 /* ContractInterface */ = {
			isa = PBXGroup;
			children = (
				66DA3F6F298989FF006B46D7 /* extentions */,
				6672CE2A295E273200A1EAE4 /* Config */,
				6672CE28295E26C900A1EAE4 /* Compiler */,
				6672CE29295E26EE00A1EAE4 /* Builder */,
				66D8A55B2935A42B00D27FA8 /* Assets.xcassets */,
				66D8A55D2935A42B00D27FA8 /* ContractInterface.entitlements */,
				66D8A5562935A42A00D27FA8 /* ContractInterface.xcdatamodeld */,
				66D8A55E2935A42B00D27FA8 /* Preview Content */,
			);
			path = ContractInterface;
			sourceTree = "<group>";
		};
		66D8A55E2935A42B00D27FA8 /* Preview Content */ = {
			isa = PBXGroup;
			children = (
				66D8A55F2935A42B00D27FA8 /* Preview Assets.xcassets */,
			);
			path = "Preview Content";
			sourceTree = "<group>";
		};
		66D8A5682935A42C00D27FA8 /* ContractInterfaceTests */ = {
			isa = PBXGroup;
			children = (
				66D8A5692935A42C00D27FA8 /* ContractInterfaceTests.swift */,
			);
			path = ContractInterfaceTests;
			sourceTree = "<group>";
		};
		66D8A5722935A42C00D27FA8 /* ContractInterfaceUITests */ = {
			isa = PBXGroup;
			children = (
				66D8A5732935A42C00D27FA8 /* ContractInterfaceUITests.swift */,
				66D8A5752935A42C00D27FA8 /* ContractInterfaceUITestsLaunchTests.swift */,
			);
			path = ContractInterfaceUITests;
			sourceTree = "<group>";
		};
		66DA3F6F298989FF006B46D7 /* extentions */ = {
			isa = PBXGroup;
			children = (
				66DA3F7029898A4D006B46D7 /* DeveloperPreview.swift */,
			);
			path = extentions;
			sourceTree = "<group>";
		};
		F7191EBEB68F3837E3165F47 /* Frameworks */ = {
			isa = PBXGroup;
			children = (
				CAAF49AD8F1C18C9D22B79A7 /* Pods_ContractInterface.framework */,
			);
			name = Frameworks;
			sourceTree = "<group>";
		};
/* End PBXGroup section */

/* Begin PBXNativeTarget section */
		66D8A54E2935A42A00D27FA8 /* ContractInterface */ = {
			isa = PBXNativeTarget;
			buildConfigurationList = 66D8A5792935A42C00D27FA8 /* Build configuration list for PBXNativeTarget "ContractInterface" */;
			buildPhases = (
				E5C40F4AF9877BDD975A549C /* [CP] Check Pods Manifest.lock */,
				66D8A54B2935A42A00D27FA8 /* Sources */,
				66D8A54C2935A42A00D27FA8 /* Frameworks */,
				66D8A54D2935A42A00D27FA8 /* Resources */,
				491D623924810D51F09355BC /* [CP] Embed Pods Frameworks */,
			);
			buildRules = (
			);
			dependencies = (
			);
			name = ContractInterface;
			packageProductDependencies = (
				66A76B4D296E4271000342A8 /* web3swift */,
			);
			productName = ContractInterface;
			productReference = 66D8A54F2935A42A00D27FA8 /* ContractInterface.app */;
			productType = "com.apple.product-type.application";
		};
		66D8A5642935A42C00D27FA8 /* ContractInterfaceTests */ = {
			isa = PBXNativeTarget;
			buildConfigurationList = 66D8A57C2935A42C00D27FA8 /* Build configuration list for PBXNativeTarget "ContractInterfaceTests" */;
			buildPhases = (
				66D8A5612935A42C00D27FA8 /* Sources */,
				66D8A5622935A42C00D27FA8 /* Frameworks */,
				66D8A5632935A42C00D27FA8 /* Resources */,
			);
			buildRules = (
			);
			dependencies = (
				66D8A5672935A42C00D27FA8 /* PBXTargetDependency */,
			);
			name = ContractInterfaceTests;
			productName = ContractInterfaceTests;
			productReference = 66D8A5652935A42C00D27FA8 /* ContractInterfaceTests.xctest */;
			productType = "com.apple.product-type.bundle.unit-test";
		};
		66D8A56E2935A42C00D27FA8 /* ContractInterfaceUITests */ = {
			isa = PBXNativeTarget;
			buildConfigurationList = 66D8A57F2935A42C00D27FA8 /* Build configuration list for PBXNativeTarget "ContractInterfaceUITests" */;
			buildPhases = (
				66D8A56B2935A42C00D27FA8 /* Sources */,
				66D8A56C2935A42C00D27FA8 /* Frameworks */,
				66D8A56D2935A42C00D27FA8 /* Resources */,
			);
			buildRules = (
			);
			dependencies = (
				66D8A5712935A42C00D27FA8 /* PBXTargetDependency */,
			);
			name = ContractInterfaceUITests;
			productName = ContractInterfaceUITests;
			productReference = 66D8A56F2935A42C00D27FA8 /* ContractInterfaceUITests.xctest */;
			productType = "com.apple.product-type.bundle.ui-testing";
		};
/* End PBXNativeTarget section */

/* Begin PBXProject section */
		66D8A5472935A42A00D27FA8 /* Project object */ = {
			isa = PBXProject;
			attributes = {
				BuildIndependentTargetsInParallel = 1;
				LastSwiftUpdateCheck = 1410;
				LastUpgradeCheck = 1410;
				TargetAttributes = {
					66D8A54E2935A42A00D27FA8 = {
						CreatedOnToolsVersion = 14.1;
					};
					66D8A5642935A42C00D27FA8 = {
						CreatedOnToolsVersion = 14.1;
						TestTargetID = 66D8A54E2935A42A00D27FA8;
					};
					66D8A56E2935A42C00D27FA8 = {
						CreatedOnToolsVersion = 14.1;
						TestTargetID = 66D8A54E2935A42A00D27FA8;
					};
				};
			};
			buildConfigurationList = 66D8A54A2935A42A00D27FA8 /* Build configuration list for PBXProject "ContractInterface" */;
			compatibilityVersion = "Xcode 14.0";
			developmentRegion = en;
			hasScannedForEncodings = 0;
			knownRegions = (
				en,
				Base,
			);
			mainGroup = 66D8A5462935A42A00D27FA8;
			packageReferences = (
				66A76B4C296E4271000342A8 /* XCRemoteSwiftPackageReference "web3swift" */,
			);
			productRefGroup = 66D8A5502935A42A00D27FA8 /* Products */;
			projectDirPath = "";
			projectRoot = "";
			targets = (
				66D8A54E2935A42A00D27FA8 /* ContractInterface */,
				66D8A5642935A42C00D27FA8 /* ContractInterfaceTests */,
				66D8A56E2935A42C00D27FA8 /* ContractInterfaceUITests */,
			);
		};
/* End PBXProject section */

/* Begin PBXResourcesBuildPhase section */
		66D8A54D2935A42A00D27FA8 /* Resources */ = {
			isa = PBXResourcesBuildPhase;
			buildActionMask = 2147483647;
			files = (
				66D8A5602935A42B00D27FA8 /* Preview Assets.xcassets in Resources */,
				66D8A55C2935A42B00D27FA8 /* Assets.xcassets in Resources */,
			);
			runOnlyForDeploymentPostprocessing = 0;
		};
		66D8A5632935A42C00D27FA8 /* Resources */ = {
			isa = PBXResourcesBuildPhase;
			buildActionMask = 2147483647;
			files = (
			);
			runOnlyForDeploymentPostprocessing = 0;
		};
		66D8A56D2935A42C00D27FA8 /* Resources */ = {
			isa = PBXResourcesBuildPhase;
			buildActionMask = 2147483647;
			files = (
			);
			runOnlyForDeploymentPostprocessing = 0;
		};
/* End PBXResourcesBuildPhase section */

/* Begin PBXShellScriptBuildPhase section */
		491D623924810D51F09355BC /* [CP] Embed Pods Frameworks */ = {
			isa = PBXShellScriptBuildPhase;
			buildActionMask = 2147483647;
			files = (
			);
			inputFileListPaths = (
				"${PODS_ROOT}/Target Support Files/Pods-ContractInterface/Pods-ContractInterface-frameworks-${CONFIGURATION}-input-files.xcfilelist",
			);
			name = "[CP] Embed Pods Frameworks";
			outputFileListPaths = (
				"${PODS_ROOT}/Target Support Files/Pods-ContractInterface/Pods-ContractInterface-frameworks-${CONFIGURATION}-output-files.xcfilelist",
			);
			runOnlyForDeploymentPostprocessing = 0;
			shellPath = /bin/sh;
			shellScript = "\"${PODS_ROOT}/Target Support Files/Pods-ContractInterface/Pods-ContractInterface-frameworks.sh\"\n";
			showEnvVarsInLog = 0;
		};
		E5C40F4AF9877BDD975A549C /* [CP] Check Pods Manifest.lock */ = {
			isa = PBXShellScriptBuildPhase;
			buildActionMask = 2147483647;
			files = (
			);
			inputFileListPaths = (
			);
			inputPaths = (
				"${PODS_PODFILE_DIR_PATH}/Podfile.lock",
				"${PODS_ROOT}/Manifest.lock",
			);
			name = "[CP] Check Pods Manifest.lock";
			outputFileListPaths = (
			);
			outputPaths = (
				"$(DERIVED_FILE_DIR)/Pods-ContractInterface-checkManifestLockResult.txt",
			);
			runOnlyForDeploymentPostprocessing = 0;
			shellPath = /bin/sh;
			shellScript = "diff \"${PODS_PODFILE_DIR_PATH}/Podfile.lock\" \"${PODS_ROOT}/Manifest.lock\" > /dev/null\nif [ $? != 0 ] ; then\n    # print error to STDERR\n    echo \"error: The sandbox is not in sync with the Podfile.lock. Run 'pod install' or update your CocoaPods installation.\" >&2\n    exit 1\nfi\n# This output is used by Xcode 'outputs' to avoid re-running this script phase.\necho \"SUCCESS\" > \"${SCRIPT_OUTPUT_FILE_0}\"\n";
			showEnvVarsInLog = 0;
		};
/* End PBXShellScriptBuildPhase section */

/* Begin PBXSourcesBuildPhase section */
		66D8A54B2935A42A00D27FA8 /* Sources */ = {
			isa = PBXSourcesBuildPhase;
			buildActionMask = 2147483647;
			files = (
				66D8A5532935A42A00D27FA8 /* ContractInterfaceApp.swift in Sources */,
				66D8A5582935A42A00D27FA8 /* ContractInterface.xcdatamodeld in Sources */,
				66278B7B29805C1800BEC040 /* LandingPage.swift in Sources */,
				661F807F294CE17600192F15 /* Projector.swift in Sources */,
				6672CE2C295E2A1100A1EAE4 /* BuildView.swift in Sources */,
				6634A9B5294CCD4400650A0E /* ContractInterface.swift in Sources */,
				66D8A55A2935A42A00D27FA8 /* ContentView.swift in Sources */,
				661035C6295CC7CD0065A3D1 /* CIML_Model.swift in Sources */,
				66D8A5552935A42A00D27FA8 /* Persistence.swift in Sources */,
				6672CE27295D3BC400A1EAE4 /* Wallets.swift in Sources */,
				66A6CE652964A5A5004FD7E2 /* CIMLDocuments.xcdatamodeld in Sources */,
				665A55DD2950C66B003D85FC /* BuildTools.swift in Sources */,
				6672CE2E295E2B3800A1EAE4 /* DAppletSettings.swift in Sources */,
				66DA3F7129898A4D006B46D7 /* DeveloperPreview.swift in Sources */,
			);
			runOnlyForDeploymentPostprocessing = 0;
		};
		66D8A5612935A42C00D27FA8 /* Sources */ = {
			isa = PBXSourcesBuildPhase;
			buildActionMask = 2147483647;
			files = (
				66D8A56A2935A42C00D27FA8 /* ContractInterfaceTests.swift in Sources */,
			);
			runOnlyForDeploymentPostprocessing = 0;
		};
		66D8A56B2935A42C00D27FA8 /* Sources */ = {
			isa = PBXSourcesBuildPhase;
			buildActionMask = 2147483647;
			files = (
				66D8A5762935A42C00D27FA8 /* ContractInterfaceUITestsLaunchTests.swift in Sources */,
				66D8A5742935A42C00D27FA8 /* ContractInterfaceUITests.swift in Sources */,
			);
			runOnlyForDeploymentPostprocessing = 0;
		};
/* End PBXSourcesBuildPhase section */

/* Begin PBXTargetDependency section */
		66D8A5672935A42C00D27FA8 /* PBXTargetDependency */ = {
			isa = PBXTargetDependency;
			target = 66D8A54E2935A42A00D27FA8 /* ContractInterface */;
			targetProxy = 66D8A5662935A42C00D27FA8 /* PBXContainerItemProxy */;
		};
		66D8A5712935A42C00D27FA8 /* PBXTargetDependency */ = {
			isa = PBXTargetDependency;
			target = 66D8A54E2935A42A00D27FA8 /* ContractInterface */;
			targetProxy = 66D8A5702935A42C00D27FA8 /* PBXContainerItemProxy */;
		};
/* End PBXTargetDependency section */

/* Begin XCBuildConfiguration section */
		66D8A5772935A42C00D27FA8 /* Debug */ = {
			isa = XCBuildConfiguration;
			buildSettings = {
				ALWAYS_SEARCH_USER_PATHS = NO;
				CLANG_ANALYZER_NONNULL = YES;
				CLANG_ANALYZER_NUMBER_OBJECT_CONVERSION = YES_AGGRESSIVE;
				CLANG_CXX_LANGUAGE_STANDARD = "gnu++20";
				CLANG_ENABLE_MODULES = YES;
				CLANG_ENABLE_OBJC_ARC = YES;
				CLANG_ENABLE_OBJC_WEAK = YES;
				CLANG_WARN_BLOCK_CAPTURE_AUTORELEASING = YES;
				CLANG_WARN_BOOL_CONVERSION = YES;
				CLANG_WARN_COMMA = YES;
				CLANG_WARN_CONSTANT_CONVERSION = YES;
				CLANG_WARN_DEPRECATED_OBJC_IMPLEMENTATIONS = YES;
				CLANG_WARN_DIRECT_OBJC_ISA_USAGE = YES_ERROR;
				CLANG_WARN_DOCUMENTATION_COMMENTS = YES;
				CLANG_WARN_EMPTY_BODY = YES;
				CLANG_WARN_ENUM_CONVERSION = YES;
				CLANG_WARN_INFINITE_RECURSION = YES;
				CLANG_WARN_INT_CONVERSION = YES;
				CLANG_WARN_NON_LITERAL_NULL_CONVERSION = YES;
				CLANG_WARN_OBJC_IMPLICIT_RETAIN_SELF = YES;
				CLANG_WARN_OBJC_LITERAL_CONVERSION = YES;
				CLANG_WARN_OBJC_ROOT_CLASS = YES_ERROR;
				CLANG_WARN_QUOTED_INCLUDE_IN_FRAMEWORK_HEADER = YES;
				CLANG_WARN_RANGE_LOOP_ANALYSIS = YES;
				CLANG_WARN_STRICT_PROTOTYPES = YES;
				CLANG_WARN_SUSPICIOUS_MOVE = YES;
				CLANG_WARN_UNGUARDED_AVAILABILITY = YES_AGGRESSIVE;
				CLANG_WARN_UNREACHABLE_CODE = YES;
				CLANG_WARN__DUPLICATE_METHOD_MATCH = YES;
				COPY_PHASE_STRIP = NO;
				DEBUG_INFORMATION_FORMAT = dwarf;
				ENABLE_STRICT_OBJC_MSGSEND = YES;
				ENABLE_TESTABILITY = YES;
				GCC_C_LANGUAGE_STANDARD = gnu11;
				GCC_DYNAMIC_NO_PIC = NO;
				GCC_NO_COMMON_BLOCKS = YES;
				GCC_OPTIMIZATION_LEVEL = 0;
				GCC_PREPROCESSOR_DEFINITIONS = (
					"DEBUG=1",
					"$(inherited)",
				);
				GCC_WARN_64_TO_32_BIT_CONVERSION = YES;
				GCC_WARN_ABOUT_RETURN_TYPE = YES_ERROR;
				GCC_WARN_UNDECLARED_SELECTOR = YES;
				GCC_WARN_UNINITIALIZED_AUTOS = YES_AGGRESSIVE;
				GCC_WARN_UNUSED_FUNCTION = YES;
				GCC_WARN_UNUSED_VARIABLE = YES;
				IPHONEOS_DEPLOYMENT_TARGET = 16.2;
				MTL_ENABLE_DEBUG_INFO = INCLUDE_SOURCE;
				MTL_FAST_MATH = YES;
				ONLY_ACTIVE_ARCH = YES;
				SDKROOT = macosx12.3;
				SUPPORTED_PLATFORMS = "iphonesimulator iphoneos";
				SWIFT_ACTIVE_COMPILATION_CONDITIONS = DEBUG;
				SWIFT_OPTIMIZATION_LEVEL = "-Onone";
			};
			name = Debug;
		};
		66D8A5782935A42C00D27FA8 /* Release */ = {
			isa = XCBuildConfiguration;
			buildSettings = {
				ALWAYS_SEARCH_USER_PATHS = NO;
				CLANG_ANALYZER_NONNULL = YES;
				CLANG_ANALYZER_NUMBER_OBJECT_CONVERSION = YES_AGGRESSIVE;
				CLANG_CXX_LANGUAGE_STANDARD = "gnu++20";
				CLANG_ENABLE_MODULES = YES;
				CLANG_ENABLE_OBJC_ARC = YES;
				CLANG_ENABLE_OBJC_WEAK = YES;
				CLANG_WARN_BLOCK_CAPTURE_AUTORELEASING = YES;
				CLANG_WARN_BOOL_CONVERSION = YES;
				CLANG_WARN_COMMA = YES;
				CLANG_WARN_CONSTANT_CONVERSION = YES;
				CLANG_WARN_DEPRECATED_OBJC_IMPLEMENTATIONS = YES;
				CLANG_WARN_DIRECT_OBJC_ISA_USAGE = YES_ERROR;
				CLANG_WARN_DOCUMENTATION_COMMENTS = YES;
				CLANG_WARN_EMPTY_BODY = YES;
				CLANG_WARN_ENUM_CONVERSION = YES;
				CLANG_WARN_INFINITE_RECURSION = YES;
				CLANG_WARN_INT_CONVERSION = YES;
				CLANG_WARN_NON_LITERAL_NULL_CONVERSION = YES;
				CLANG_WARN_OBJC_IMPLICIT_RETAIN_SELF = YES;
				CLANG_WARN_OBJC_LITERAL_CONVERSION = YES;
				CLANG_WARN_OBJC_ROOT_CLASS = YES_ERROR;
				CLANG_WARN_QUOTED_INCLUDE_IN_FRAMEWORK_HEADER = YES;
				CLANG_WARN_RANGE_LOOP_ANALYSIS = YES;
				CLANG_WARN_STRICT_PROTOTYPES = YES;
				CLANG_WARN_SUSPICIOUS_MOVE = YES;
				CLANG_WARN_UNGUARDED_AVAILABILITY = YES_AGGRESSIVE;
				CLANG_WARN_UNREACHABLE_CODE = YES;
				CLANG_WARN__DUPLICATE_METHOD_MATCH = YES;
				COPY_PHASE_STRIP = NO;
				DEBUG_INFORMATION_FORMAT = "dwarf-with-dsym";
				ENABLE_NS_ASSERTIONS = NO;
				ENABLE_STRICT_OBJC_MSGSEND = YES;
				GCC_C_LANGUAGE_STANDARD = gnu11;
				GCC_NO_COMMON_BLOCKS = YES;
				GCC_WARN_64_TO_32_BIT_CONVERSION = YES;
				GCC_WARN_ABOUT_RETURN_TYPE = YES_ERROR;
				GCC_WARN_UNDECLARED_SELECTOR = YES;
				GCC_WARN_UNINITIALIZED_AUTOS = YES_AGGRESSIVE;
				GCC_WARN_UNUSED_FUNCTION = YES;
				GCC_WARN_UNUSED_VARIABLE = YES;
				IPHONEOS_DEPLOYMENT_TARGET = 16.2;
				MTL_ENABLE_DEBUG_INFO = NO;
				MTL_FAST_MATH = YES;
				SDKROOT = macosx12.3;
				SUPPORTED_PLATFORMS = "iphonesimulator iphoneos";
				SWIFT_COMPILATION_MODE = wholemodule;
				SWIFT_OPTIMIZATION_LEVEL = "-O";
			};
			name = Release;
		};
		66D8A57A2935A42C00D27FA8 /* Debug */ = {
			isa = XCBuildConfiguration;
			baseConfigurationReference = 1493DB370BB5FA83E0D9C27B /* Pods-ContractInterface.debug.xcconfig */;
			buildSettings = {
				ASSETCATALOG_COMPILER_APPICON_NAME = AppIcon;
				ASSETCATALOG_COMPILER_GLOBAL_ACCENT_COLOR_NAME = AccentColor;
				CODE_SIGN_ENTITLEMENTS = ContractInterface/ContractInterface.entitlements;
				CODE_SIGN_STYLE = Automatic;
				CURRENT_PROJECT_VERSION = 1;
				DEVELOPMENT_ASSET_PATHS = "\"ContractInterface/Preview Content\"";
				DEVELOPMENT_TEAM = 4LU2RYBLDG;
				ENABLE_HARDENED_RUNTIME = YES;
				ENABLE_PREVIEWS = YES;
				GENERATE_INFOPLIST_FILE = YES;
				INFOPLIST_KEY_CFBundleDisplayName = ContractUI;
				INFOPLIST_KEY_LSApplicationCategoryType = "public.app-category.developer-tools";
				"INFOPLIST_KEY_UIApplicationSceneManifest_Generation[sdk=iphoneos*]" = YES;
				"INFOPLIST_KEY_UIApplicationSceneManifest_Generation[sdk=iphonesimulator*]" = YES;
				"INFOPLIST_KEY_UIApplicationSupportsIndirectInputEvents[sdk=iphoneos*]" = YES;
				"INFOPLIST_KEY_UIApplicationSupportsIndirectInputEvents[sdk=iphonesimulator*]" = YES;
				"INFOPLIST_KEY_UILaunchScreen_Generation[sdk=iphoneos*]" = YES;
				"INFOPLIST_KEY_UILaunchScreen_Generation[sdk=iphonesimulator*]" = YES;
				"INFOPLIST_KEY_UIStatusBarStyle[sdk=iphoneos*]" = UIStatusBarStyleDefault;
				"INFOPLIST_KEY_UIStatusBarStyle[sdk=iphonesimulator*]" = UIStatusBarStyleDefault;
				INFOPLIST_KEY_UISupportedInterfaceOrientations = UIInterfaceOrientationPortrait;
				IPHONEOS_DEPLOYMENT_TARGET = 16.0;
				LD_RUNPATH_SEARCH_PATHS = "@executable_path/Frameworks";
				"LD_RUNPATH_SEARCH_PATHS[sdk=macosx*]" = "@executable_path/../Frameworks";
				MACOSX_DEPLOYMENT_TARGET = 13.0;
				MARKETING_VERSION = 1.0;
				PRODUCT_BUNDLE_IDENTIFIER = ccc.ContractInterface;
				PRODUCT_NAME = "$(TARGET_NAME)";
				SDKROOT = auto;
				SUPPORTED_PLATFORMS = "iphonesimulator iphoneos";
				SWIFT_EMIT_LOC_STRINGS = YES;
				SWIFT_VERSION = 5.0;
				TARGETED_DEVICE_FAMILY = "1,2";
			};
			name = Debug;
		};
		66D8A57B2935A42C00D27FA8 /* Release */ = {
			isa = XCBuildConfiguration;
			baseConfigurationReference = DAF48C0334835E3B1E39AC6C /* Pods-ContractInterface.release.xcconfig */;
			buildSettings = {
				ASSETCATALOG_COMPILER_APPICON_NAME = AppIcon;
				ASSETCATALOG_COMPILER_GLOBAL_ACCENT_COLOR_NAME = AccentColor;
				CODE_SIGN_ENTITLEMENTS = ContractInterface/ContractInterface.entitlements;
				CODE_SIGN_STYLE = Automatic;
				CURRENT_PROJECT_VERSION = 1;
				DEVELOPMENT_ASSET_PATHS = "\"ContractInterface/Preview Content\"";
				DEVELOPMENT_TEAM = 4LU2RYBLDG;
				ENABLE_HARDENED_RUNTIME = YES;
				ENABLE_PREVIEWS = YES;
				GENERATE_INFOPLIST_FILE = YES;
				INFOPLIST_KEY_CFBundleDisplayName = ContractUI;
				INFOPLIST_KEY_LSApplicationCategoryType = "public.app-category.developer-tools";
				"INFOPLIST_KEY_UIApplicationSceneManifest_Generation[sdk=iphoneos*]" = YES;
				"INFOPLIST_KEY_UIApplicationSceneManifest_Generation[sdk=iphonesimulator*]" = YES;
				"INFOPLIST_KEY_UIApplicationSupportsIndirectInputEvents[sdk=iphoneos*]" = YES;
				"INFOPLIST_KEY_UIApplicationSupportsIndirectInputEvents[sdk=iphonesimulator*]" = YES;
				"INFOPLIST_KEY_UILaunchScreen_Generation[sdk=iphoneos*]" = YES;
				"INFOPLIST_KEY_UILaunchScreen_Generation[sdk=iphonesimulator*]" = YES;
				"INFOPLIST_KEY_UIStatusBarStyle[sdk=iphoneos*]" = UIStatusBarStyleDefault;
				"INFOPLIST_KEY_UIStatusBarStyle[sdk=iphonesimulator*]" = UIStatusBarStyleDefault;
				INFOPLIST_KEY_UISupportedInterfaceOrientations = UIInterfaceOrientationPortrait;
				IPHONEOS_DEPLOYMENT_TARGET = 16.0;
				LD_RUNPATH_SEARCH_PATHS = "@executable_path/Frameworks";
				"LD_RUNPATH_SEARCH_PATHS[sdk=macosx*]" = "@executable_path/../Frameworks";
				MACOSX_DEPLOYMENT_TARGET = 13.0;
				MARKETING_VERSION = 1.0;
				PRODUCT_BUNDLE_IDENTIFIER = ccc.ContractInterface;
				PRODUCT_NAME = "$(TARGET_NAME)";
				SDKROOT = auto;
				SUPPORTED_PLATFORMS = "iphonesimulator iphoneos";
				SWIFT_EMIT_LOC_STRINGS = YES;
				SWIFT_VERSION = 5.0;
				TARGETED_DEVICE_FAMILY = "1,2";
			};
			name = Release;
		};
		66D8A57D2935A42C00D27FA8 /* Debug */ = {
			isa = XCBuildConfiguration;
			buildSettings = {
				ALWAYS_EMBED_SWIFT_STANDARD_LIBRARIES = YES;
				BUNDLE_LOADER = "$(TEST_HOST)";
				CODE_SIGN_STYLE = Automatic;
				CURRENT_PROJECT_VERSION = 1;
				DEVELOPMENT_TEAM = 4LU2RYBLDG;
				GENERATE_INFOPLIST_FILE = YES;
				IPHONEOS_DEPLOYMENT_TARGET = 16.1;
				MACOSX_DEPLOYMENT_TARGET = 13.0;
				MARKETING_VERSION = 1.0;
				PRODUCT_BUNDLE_IDENTIFIER = ccc.ContractInterfaceTests;
				PRODUCT_NAME = "$(TARGET_NAME)";
				SDKROOT = auto;
				SUPPORTED_PLATFORMS = "iphoneos iphonesimulator macosx";
				SWIFT_EMIT_LOC_STRINGS = NO;
				SWIFT_VERSION = 5.0;
				TARGETED_DEVICE_FAMILY = "1,2";
				TEST_HOST = "$(BUILT_PRODUCTS_DIR)/ContractInterface.app/$(BUNDLE_EXECUTABLE_FOLDER_PATH)/ContractInterface";
			};
			name = Debug;
		};
		66D8A57E2935A42C00D27FA8 /* Release */ = {
			isa = XCBuildConfiguration;
			buildSettings = {
				ALWAYS_EMBED_SWIFT_STANDARD_LIBRARIES = YES;
				BUNDLE_LOADER = "$(TEST_HOST)";
				CODE_SIGN_STYLE = Automatic;
				CURRENT_PROJECT_VERSION = 1;
				DEVELOPMENT_TEAM = D47C2NZJN5;
				GENERATE_INFOPLIST_FILE = YES;
				IPHONEOS_DEPLOYMENT_TARGET = 16.1;
				MACOSX_DEPLOYMENT_TARGET = 13.0;
				MARKETING_VERSION = 1.0;
				PRODUCT_BUNDLE_IDENTIFIER = ccc.ContractInterfaceTests;
				PRODUCT_NAME = "$(TARGET_NAME)";
				SDKROOT = auto;
				SUPPORTED_PLATFORMS = "iphoneos iphonesimulator macosx";
				SWIFT_EMIT_LOC_STRINGS = NO;
				SWIFT_VERSION = 5.0;
				TARGETED_DEVICE_FAMILY = "1,2";
				TEST_HOST = "$(BUILT_PRODUCTS_DIR)/ContractInterface.app/$(BUNDLE_EXECUTABLE_FOLDER_PATH)/ContractInterface";
			};
			name = Release;
		};
		66D8A5802935A42C00D27FA8 /* Debug */ = {
			isa = XCBuildConfiguration;
			buildSettings = {
				ALWAYS_EMBED_SWIFT_STANDARD_LIBRARIES = YES;
				CODE_SIGN_STYLE = Automatic;
				CURRENT_PROJECT_VERSION = 1;
				DEVELOPMENT_TEAM = D47C2NZJN5;
				GENERATE_INFOPLIST_FILE = YES;
				IPHONEOS_DEPLOYMENT_TARGET = 16.1;
				"IPHONEOS_DEPLOYMENT_TARGET[sdk=iphoneos*]" = 16.1;
				MACOSX_DEPLOYMENT_TARGET = 13.0;
				MARKETING_VERSION = 1.0;
				PRODUCT_BUNDLE_IDENTIFIER = ccc.ContractInterfaceUITests;
				PRODUCT_NAME = "$(TARGET_NAME)";
				SDKROOT = auto;
				SUPPORTED_PLATFORMS = "iphoneos iphonesimulator macosx";
				SWIFT_EMIT_LOC_STRINGS = NO;
				SWIFT_VERSION = 5.0;
				TARGETED_DEVICE_FAMILY = "1,2";
				TEST_TARGET_NAME = ContractInterface;
			};
			name = Debug;
		};
		66D8A5812935A42C00D27FA8 /* Release */ = {
			isa = XCBuildConfiguration;
			buildSettings = {
				ALWAYS_EMBED_SWIFT_STANDARD_LIBRARIES = YES;
				CODE_SIGN_STYLE = Automatic;
				CURRENT_PROJECT_VERSION = 1;
				DEVELOPMENT_TEAM = D47C2NZJN5;
				GENERATE_INFOPLIST_FILE = YES;
				IPHONEOS_DEPLOYMENT_TARGET = 16.1;
				MACOSX_DEPLOYMENT_TARGET = 13.0;
				MARKETING_VERSION = 1.0;
				PRODUCT_BUNDLE_IDENTIFIER = ccc.ContractInterfaceUITests;
				PRODUCT_NAME = "$(TARGET_NAME)";
				SDKROOT = auto;
				SUPPORTED_PLATFORMS = "iphoneos iphonesimulator macosx";
				SWIFT_EMIT_LOC_STRINGS = NO;
				SWIFT_VERSION = 5.0;
				TARGETED_DEVICE_FAMILY = "1,2";
				TEST_TARGET_NAME = ContractInterface;
			};
			name = Release;
		};
/* End XCBuildConfiguration section */

/* Begin XCConfigurationList section */
		66D8A54A2935A42A00D27FA8 /* Build configuration list for PBXProject "ContractInterface" */ = {
			isa = XCConfigurationList;
			buildConfigurations = (
				66D8A5772935A42C00D27FA8 /* Debug */,
				66D8A5782935A42C00D27FA8 /* Release */,
			);
			defaultConfigurationIsVisible = 0;
			defaultConfigurationName = Release;
		};
		66D8A5792935A42C00D27FA8 /* Build configuration list for PBXNativeTarget "ContractInterface" */ = {
			isa = XCConfigurationList;
			buildConfigurations = (
				66D8A57A2935A42C00D27FA8 /* Debug */,
				66D8A57B2935A42C00D27FA8 /* Release */,
			);
			defaultConfigurationIsVisible = 0;
			defaultConfigurationName = Release;
		};
		66D8A57C2935A42C00D27FA8 /* Build configuration list for PBXNativeTarget "ContractInterfaceTests" */ = {
			isa = XCConfigurationList;
			buildConfigurations = (
				66D8A57D2935A42C00D27FA8 /* Debug */,
				66D8A57E2935A42C00D27FA8 /* Release */,
			);
			defaultConfigurationIsVisible = 0;
			defaultConfigurationName = Release;
		};
		66D8A57F2935A42C00D27FA8 /* Build configuration list for PBXNativeTarget "ContractInterfaceUITests" */ = {
			isa = XCConfigurationList;
			buildConfigurations = (
				66D8A5802935A42C00D27FA8 /* Debug */,
				66D8A5812935A42C00D27FA8 /* Release */,
			);
			defaultConfigurationIsVisible = 0;
			defaultConfigurationName = Release;
		};
/* End XCConfigurationList section */

/* Begin XCRemoteSwiftPackageReference section */
		66A76B4C296E4271000342A8 /* XCRemoteSwiftPackageReference "web3swift" */ = {
			isa = XCRemoteSwiftPackageReference;
			repositoryURL = "https://github.com/skywinder/web3swift.git";
			requirement = {
				kind = upToNextMajorVersion;
				minimumVersion = 3.0.0;
			};
		};
/* End XCRemoteSwiftPackageReference section */

/* Begin XCSwiftPackageProductDependency section */
		66A76B4D296E4271000342A8 /* web3swift */ = {
			isa = XCSwiftPackageProductDependency;
			package = 66A76B4C296E4271000342A8 /* XCRemoteSwiftPackageReference "web3swift" */;
			productName = web3swift;
		};
/* End XCSwiftPackageProductDependency section */

/* Begin XCVersionGroup section */
		66A6CE632964A5A5004FD7E2 /* CIMLDocuments.xcdatamodeld */ = {
			isa = XCVersionGroup;
			children = (
				66A6CE642964A5A5004FD7E2 /* CIMLDocuments.xcdatamodel */,
			);
			currentVersion = 66A6CE642964A5A5004FD7E2 /* CIMLDocuments.xcdatamodel */;
			path = CIMLDocuments.xcdatamodeld;
			sourceTree = "<group>";
			versionGroupType = wrapper.xcdatamodel;
		};
		66D8A5562935A42A00D27FA8 /* ContractInterface.xcdatamodeld */ = {
			isa = XCVersionGroup;
			children = (
				66D8A5572935A42A00D27FA8 /* ContractInterface.xcdatamodel */,
			);
			currentVersion = 66D8A5572935A42A00D27FA8 /* ContractInterface.xcdatamodel */;
			path = ContractInterface.xcdatamodeld;
			sourceTree = "<group>";
			versionGroupType = wrapper.xcdatamodel;
		};
/* End XCVersionGroup section */
	};
	rootObject = 66D8A5472935A42A00D27FA8 /* Project object */;
}
