PODS:
  - BigInt (5.2.0)
  - CryptoSwift (1.5.1)
  - secp256k1.c (0.1.2)
  - Starscream (4.0.4)
  - Web3Core (3.0.6):
    - BigInt (~> 5.2.0)
    - CryptoSwift (~> 1.5.1)
    - secp256k1.c (~> 0.1)
  - web3swift (3.0.6):
    - Starscream (~> 4.0.4)
    - Web3Core (~> 3.0.6)

DEPENDENCIES:
  - web3swift (~> 3.0)

SPEC REPOS:
  https://github.com/CocoaPods/Specs.git:
    - BigInt
    - CryptoSwift
    - secp256k1.c
    - Starscream
    - Web3Core
    - web3swift

SPEC CHECKSUMS:
  BigInt: f668a80089607f521586bbe29513d708491ef2f7
  CryptoSwift: c4f2debceb38bf44c80659afe009f71e23e4a082
  secp256k1.c: db47b726585d80f027423682eb369729e61b3b20
  Starscream: 5178aed56b316f13fa3bc55694e583d35dd414d9
  Web3Core: 4a62a109cac056915d2d5023606438c89e229a1e
  web3swift: 944e76579b953a7b7e81dbb351c6dc0ed1defe63

PODFILE CHECKSUM: d57913b104ed26d56d3824bc7027ce0422bdc517

COCOAPODS: 1.11.3
